# This file is automatically @generated by Cargo.
# It is not intended for manual editing.
version = 3

[[package]]
name = "christopher"
version = "0.1.0"
dependencies = [
 "hashbag",
]

[[package]]
name = "hashbag"
version = "0.1.4"
source = "registry+https://github.com/rust-lang/crates.io-index"
checksum = "461d126adae37fcc356c78b4c46966ac5dca1d41244e617af36bd4e09c7673d3"
